
Microsoft Visual Studio Solution File, Format Version 12.00
# Visual Studio Version 17
VisualStudioVersion = 17.7.34024.191
MinimumVisualStudioVersion = 10.0.40219.1
Project("{FAE04EC0-301F-11D3-BF4B-00C04F79EFBC}") = "Avance Proyecto Sergio Y Mori", "Avance Proyecto Sergio Y Mori\Avance Proyecto Sergio Y Mori.csproj", "{C0AF38B2-5C2D-4E31-A760-E29E1EE3BD84}"
EndProject
Global
	GlobalSection(SolutionConfigurationPlatforms) = preSolution
		Debug|Any CPU = Debug|Any CPU
		Release|Any CPU = Release|Any CPU
	EndGlobalSection
	GlobalSection(ProjectConfigurationPlatforms) = postSolution
		{C0AF38B2-5C2D-4E31-A760-E29E1EE3BD84}.Debug|Any CPU.ActiveCfg = Debug|Any CPU
		{C0AF38B2-5C2D-4E31-A760-E29E1EE3BD84}.Debug|Any CPU.Build.0 = Debug|Any CPU
		{C0AF38B2-5C2D-4E31-A760-E29E1EE3BD84}.Release|Any CPU.ActiveCfg = Release|Any CPU
		{C0AF38B2-5C2D-4E31-A760-E29E1EE3BD84}.Release|Any CPU.Build.0 = Release|Any CPU
	EndGlobalSection
	GlobalSection(SolutionProperties) = preSolution
		HideSolutionNode = FALSE
	EndGlobalSection
	GlobalSection(ExtensibilityGlobals) = postSolution
		SolutionGuid = {E18499CA-DFD7-44B6-B345-9D8DA5847A49}
	EndGlobalSection
EndGlobal
